
Microsoft Visual Studio Solution File, Format Version 12.00
# Visual Studio Version 16
VisualStudioVersion = 16.0.31624.102
MinimumVisualStudioVersion = 10.0.40219.1
Project("{9A19103F-16F7-4668-BE54-9A1E7A4F7556}") = "PeJavaExamMarksProject", "PeJavaExamMarks_Project\PeJavaExamMarksProject.csproj", "{A20F26A0-FFA7-41F3-958E-F98CA4EE68CC}"
EndProject
Global
	GlobalSection(SolutionConfigurationPlatforms) = preSolution
		Debug|Any CPU = Debug|Any CPU
		Release|Any CPU = Release|Any CPU
	EndGlobalSection
	GlobalSection(ProjectConfigurationPlatforms) = postSolution
		{A20F26A0-FFA7-41F3-958E-F98CA4EE68CC}.Debug|Any CPU.ActiveCfg = Debug|Any CPU
		{A20F26A0-FFA7-41F3-958E-F98CA4EE68CC}.Debug|Any CPU.Build.0 = Debug|Any CPU
		{A20F26A0-FFA7-41F3-958E-F98CA4EE68CC}.Release|Any CPU.ActiveCfg = Release|Any CPU
		{A20F26A0-FFA7-41F3-958E-F98CA4EE68CC}.Release|Any CPU.Build.0 = Release|Any CPU
	EndGlobalSection
	GlobalSection(SolutionProperties) = preSolution
		HideSolutionNode = FALSE
	EndGlobalSection
	GlobalSection(ExtensibilityGlobals) = postSolution
		SolutionGuid = {76011312-F84C-4327-886F-6672CEE8E75A}
	EndGlobalSection
EndGlobal
